// !$*UTF8*$!
{
	archiveVersion = 1;
	classes = {
	};
	objectVersion = 56;
	objects = {

/* Begin PBXBuildFile section */
		A4238729296C8A6A00615874 /* Splash.swift in Sources */ = {isa = PBXBuildFile; fileRef = A4238728296C8A6A00615874 /* Splash.swift */; };
		A423872E296D47ED00615874 /* ConverterScrollerViewModel.swift in Sources */ = {isa = PBXBuildFile; fileRef = A423872D296D47ED00615874 /* ConverterScrollerViewModel.swift */; };
		A4238730296D481D00615874 /* MainPageView.swift in Sources */ = {isa = PBXBuildFile; fileRef = A423872F296D481D00615874 /* MainPageView.swift */; };
		A4238735296D4D5F00615874 /* CurrenciesConverterView.swift in Sources */ = {isa = PBXBuildFile; fileRef = A4238734296D4D5F00615874 /* CurrenciesConverterView.swift */; };
		A4238738296D502F00615874 /* Localizable.strings in Resources */ = {isa = PBXBuildFile; fileRef = A423873A296D502F00615874 /* Localizable.strings */; };
		A4BE50C82966C06000E8CF83 /* CONVERTITApp.swift in Sources */ = {isa = PBXBuildFile; fileRef = A4BE50C72966C06000E8CF83 /* CONVERTITApp.swift */; };
		A4BE50CA2966C06000E8CF83 /* ContentView.swift in Sources */ = {isa = PBXBuildFile; fileRef = A4BE50C92966C06000E8CF83 /* ContentView.swift */; };
		A4BE50CC2966C06100E8CF83 /* Assets.xcassets in Resources */ = {isa = PBXBuildFile; fileRef = A4BE50CB2966C06100E8CF83 /* Assets.xcassets */; };
		A4BE50CF2966C06100E8CF83 /* Preview Assets.xcassets in Resources */ = {isa = PBXBuildFile; fileRef = A4BE50CE2966C06100E8CF83 /* Preview Assets.xcassets */; };
		A4BE50DB2966C1E300E8CF83 /* UnitConverterView.swift in Sources */ = {isa = PBXBuildFile; fileRef = A4BE50DA2966C1E300E8CF83 /* UnitConverterView.swift */; };
		A4BE50DD2966C1F100E8CF83 /* UnitConverterViewModel.swift in Sources */ = {isa = PBXBuildFile; fileRef = A4BE50DC2966C1F100E8CF83 /* UnitConverterViewModel.swift */; };
		A4BE50E02966C55900E8CF83 /* UnitView.swift in Sources */ = {isa = PBXBuildFile; fileRef = A4BE50DF2966C55900E8CF83 /* UnitView.swift */; };
		A4BE50E6296C17F000E8CF83 /* NumbersKeyboard.swift in Sources */ = {isa = PBXBuildFile; fileRef = A4BE50E5296C17F000E8CF83 /* NumbersKeyboard.swift */; };
/* End PBXBuildFile section */

/* Begin PBXFileReference section */
		A4238728296C8A6A00615874 /* Splash.swift */ = {isa = PBXFileReference; lastKnownFileType = sourcecode.swift; path = Splash.swift; sourceTree = "<group>"; };
		A423872D296D47ED00615874 /* ConverterScrollerViewModel.swift */ = {isa = PBXFileReference; lastKnownFileType = sourcecode.swift; path = ConverterScrollerViewModel.swift; sourceTree = "<group>"; };
		A423872F296D481D00615874 /* MainPageView.swift */ = {isa = PBXFileReference; lastKnownFileType = sourcecode.swift; path = MainPageView.swift; sourceTree = "<group>"; };
		A4238734296D4D5F00615874 /* CurrenciesConverterView.swift */ = {isa = PBXFileReference; lastKnownFileType = sourcecode.swift; path = CurrenciesConverterView.swift; sourceTree = "<group>"; };
		A423873B296D503600615874 /* ar */ = {isa = PBXFileReference; lastKnownFileType = text.plist.strings; name = ar; path = ar.lproj/Localizable.strings; sourceTree = "<group>"; };
		A4BE50C42966C06000E8CF83 /* CONVERTIT.app */ = {isa = PBXFileReference; explicitFileType = wrapper.application; includeInIndex = 0; path = CONVERTIT.app; sourceTree = BUILT_PRODUCTS_DIR; };
		A4BE50C72966C06000E8CF83 /* CONVERTITApp.swift */ = {isa = PBXFileReference; lastKnownFileType = sourcecode.swift; path = CONVERTITApp.swift; sourceTree = "<group>"; };
		A4BE50C92966C06000E8CF83 /* ContentView.swift */ = {isa = PBXFileReference; lastKnownFileType = sourcecode.swift; path = ContentView.swift; sourceTree = "<group>"; };
		A4BE50CB2966C06100E8CF83 /* Assets.xcassets */ = {isa = PBXFileReference; lastKnownFileType = folder.assetcatalog; path = Assets.xcassets; sourceTree = "<group>"; };
		A4BE50CE2966C06100E8CF83 /* Preview Assets.xcassets */ = {isa = PBXFileReference; lastKnownFileType = folder.assetcatalog; path = "Preview Assets.xcassets"; sourceTree = "<group>"; };
		A4BE50DA2966C1E300E8CF83 /* UnitConverterView.swift */ = {isa = PBXFileReference; lastKnownFileType = sourcecode.swift; path = UnitConverterView.swift; sourceTree = "<group>"; };
		A4BE50DC2966C1F100E8CF83 /* UnitConverterViewModel.swift */ = {isa = PBXFileReference; lastKnownFileType = sourcecode.swift; path = UnitConverterViewModel.swift; sourceTree = "<group>"; };
		A4BE50DF2966C55900E8CF83 /* UnitView.swift */ = {isa = PBXFileReference; lastKnownFileType = sourcecode.swift; path = UnitView.swift; sourceTree = "<group>"; };
		A4BE50E5296C17F000E8CF83 /* NumbersKeyboard.swift */ = {isa = PBXFileReference; lastKnownFileType = sourcecode.swift; path = NumbersKeyboard.swift; sourceTree = "<group>"; };
/* End PBXFileReference section */

/* Begin PBXFrameworksBuildPhase section */
		A4BE50C12966C06000E8CF83 /* Frameworks */ = {
			isa = PBXFrameworksBuildPhase;
			buildActionMask = 2147483647;
			files = (
			);
			runOnlyForDeploymentPostprocessing = 0;
		};
/* End PBXFrameworksBuildPhase section */

/* Begin PBXGroup section */
		A4238727296C8A5F00615874 /* Splash */ = {
			isa = PBXGroup;
			children = (
				A4238728296C8A6A00615874 /* Splash.swift */,
			);
			path = Splash;
			sourceTree = "<group>";
		};
		A423872A296D47CF00615874 /* MainPage */ = {
			isa = PBXGroup;
			children = (
				A423872C296D47DA00615874 /* ViewModel */,
				A423872B296D47D600615874 /* View */,
			);
			path = MainPage;
			sourceTree = "<group>";
		};
		A423872B296D47D600615874 /* View */ = {
			isa = PBXGroup;
			children = (
				A423872F296D481D00615874 /* MainPageView.swift */,
			);
			path = View;
			sourceTree = "<group>";
		};
		A423872C296D47DA00615874 /* ViewModel */ = {
			isa = PBXGroup;
			children = (
				A423872D296D47ED00615874 /* ConverterScrollerViewModel.swift */,
			);
			path = ViewModel;
			sourceTree = "<group>";
		};
		A4238731296D4D0200615874 /* CurrenciesConverter */ = {
			isa = PBXGroup;
			children = (
				A4238732296D4D4A00615874 /* View */,
			);
			path = CurrenciesConverter;
			sourceTree = "<group>";
		};
		A4238732296D4D4A00615874 /* View */ = {
			isa = PBXGroup;
			children = (
				A4238734296D4D5F00615874 /* CurrenciesConverterView.swift */,
			);
			path = View;
			sourceTree = "<group>";
		};
		A4BE50BB2966C06000E8CF83 = {
			isa = PBXGroup;
			children = (
				A423873A296D502F00615874 /* Localizable.strings */,
				A4BE50C62966C06000E8CF83 /* CONVERTIT */,
				A4BE50C52966C06000E8CF83 /* Products */,
			);
			sourceTree = "<group>";
		};
		A4BE50C52966C06000E8CF83 /* Products */ = {
			isa = PBXGroup;
			children = (
				A4BE50C42966C06000E8CF83 /* CONVERTIT.app */,
			);
			name = Products;
			sourceTree = "<group>";
		};
		A4BE50C62966C06000E8CF83 /* CONVERTIT */ = {
			isa = PBXGroup;
			children = (
				A4238731296D4D0200615874 /* CurrenciesConverter */,
				A423872A296D47CF00615874 /* MainPage */,
				A4238727296C8A5F00615874 /* Splash */,
				A4BE50D52966C17200E8CF83 /* UnitConverter */,
				A4BE50C72966C06000E8CF83 /* CONVERTITApp.swift */,
				A4BE50C92966C06000E8CF83 /* ContentView.swift */,
				A4BE50CB2966C06100E8CF83 /* Assets.xcassets */,
				A4BE50CD2966C06100E8CF83 /* Preview Content */,
			);
			path = CONVERTIT;
			sourceTree = "<group>";
		};
		A4BE50CD2966C06100E8CF83 /* Preview Content */ = {
			isa = PBXGroup;
			children = (
				A4BE50CE2966C06100E8CF83 /* Preview Assets.xcassets */,
			);
			path = "Preview Content";
			sourceTree = "<group>";
		};
		A4BE50D52966C17200E8CF83 /* UnitConverter */ = {
			isa = PBXGroup;
			children = (
				A4BE50D72966C1A200E8CF83 /* View */,
				A4BE50D62966C1A100E8CF83 /* ViewModel */,
			);
			path = UnitConverter;
			sourceTree = "<group>";
		};
		A4BE50D62966C1A100E8CF83 /* ViewModel */ = {
			isa = PBXGroup;
			children = (
				A4BE50DC2966C1F100E8CF83 /* UnitConverterViewModel.swift */,
				A4BE50E5296C17F000E8CF83 /* NumbersKeyboard.swift */,
			);
			path = ViewModel;
			sourceTree = "<group>";
		};
		A4BE50D72966C1A200E8CF83 /* View */ = {
			isa = PBXGroup;
			children = (
				A4BE50DA2966C1E300E8CF83 /* UnitConverterView.swift */,
				A4BE50DF2966C55900E8CF83 /* UnitView.swift */,
			);
			path = View;
			sourceTree = "<group>";
		};
/* End PBXGroup section */

/* Begin PBXNativeTarget section */
		A4BE50C32966C06000E8CF83 /* CONVERTIT */ = {
			isa = PBXNativeTarget;
			buildConfigurationList = A4BE50D22966C06100E8CF83 /* Build configuration list for PBXNativeTarget "CONVERTIT" */;
			buildPhases = (
				A4BE50C02966C06000E8CF83 /* Sources */,
				A4BE50C12966C06000E8CF83 /* Frameworks */,
				A4BE50C22966C06000E8CF83 /* Resources */,
			);
			buildRules = (
			);
			dependencies = (
			);
			name = CONVERTIT;
			productName = CONVERTIT;
			productReference = A4BE50C42966C06000E8CF83 /* CONVERTIT.app */;
			productType = "com.apple.product-type.application";
		};
/* End PBXNativeTarget section */

/* Begin PBXProject section */
		A4BE50BC2966C06000E8CF83 /* Project object */ = {
			isa = PBXProject;
			attributes = {
				BuildIndependentTargetsInParallel = 1;
				LastSwiftUpdateCheck = 1420;
				LastUpgradeCheck = 1420;
				TargetAttributes = {
					A4BE50C32966C06000E8CF83 = {
						CreatedOnToolsVersion = 14.2;
					};
				};
			};
			buildConfigurationList = A4BE50BF2966C06000E8CF83 /* Build configuration list for PBXProject "CONVERTIT" */;
			compatibilityVersion = "Xcode 14.0";
			developmentRegion = en;
			hasScannedForEncodings = 0;
			knownRegions = (
				en,
				Base,
				ar,
			);
			mainGroup = A4BE50BB2966C06000E8CF83;
			productRefGroup = A4BE50C52966C06000E8CF83 /* Products */;
			projectDirPath = "";
			projectRoot = "";
			targets = (
				A4BE50C32966C06000E8CF83 /* CONVERTIT */,
			);
		};
/* End PBXProject section */

/* Begin PBXResourcesBuildPhase section */
		A4BE50C22966C06000E8CF83 /* Resources */ = {
			isa = PBXResourcesBuildPhase;
			buildActionMask = 2147483647;
			files = (
				A4BE50CF2966C06100E8CF83 /* Preview Assets.xcassets in Resources */,
				A4238738296D502F00615874 /* Localizable.strings in Resources */,
				A4BE50CC2966C06100E8CF83 /* Assets.xcassets in Resources */,
			);
			runOnlyForDeploymentPostprocessing = 0;
		};
/* End PBXResourcesBuildPhase section */

/* Begin PBXSourcesBuildPhase section */
		A4BE50C02966C06000E8CF83 /* Sources */ = {
			isa = PBXSourcesBuildPhase;
			buildActionMask = 2147483647;
			files = (
				A4BE50CA2966C06000E8CF83 /* ContentView.swift in Sources */,
				A4238730296D481D00615874 /* MainPageView.swift in Sources */,
				A423872E296D47ED00615874 /* ConverterScrollerViewModel.swift in Sources */,
				A4238729296C8A6A00615874 /* Splash.swift in Sources */,
				A4238735296D4D5F00615874 /* CurrenciesConverterView.swift in Sources */,
				A4BE50DB2966C1E300E8CF83 /* UnitConverterView.swift in Sources */,
				A4BE50E02966C55900E8CF83 /* UnitView.swift in Sources */,
				A4BE50C82966C06000E8CF83 /* CONVERTITApp.swift in Sources */,
				A4BE50DD2966C1F100E8CF83 /* UnitConverterViewModel.swift in Sources */,
				A4BE50E6296C17F000E8CF83 /* NumbersKeyboard.swift in Sources */,
			);
			runOnlyForDeploymentPostprocessing = 0;
		};
/* End PBXSourcesBuildPhase section */

/* Begin PBXVariantGroup section */
		A423873A296D502F00615874 /* Localizable.strings */ = {
			isa = PBXVariantGroup;
			children = (
				A423873B296D503600615874 /* ar */,
			);
			name = Localizable.strings;
			sourceTree = "<group>";
		};
/* End PBXVariantGroup section */

/* Begin XCBuildConfiguration section */
		A4BE50D02966C06100E8CF83 /* Debug */ = {
			isa = XCBuildConfiguration;
			buildSettings = {
				ALWAYS_SEARCH_USER_PATHS = NO;
				CLANG_ANALYZER_NONNULL = YES;
				CLANG_ANALYZER_NUMBER_OBJECT_CONVERSION = YES_AGGRESSIVE;
				CLANG_CXX_LANGUAGE_STANDARD = "gnu++20";
				CLANG_ENABLE_MODULES = YES;
				CLANG_ENABLE_OBJC_ARC = YES;
				CLANG_ENABLE_OBJC_WEAK = YES;
				CLANG_WARN_BLOCK_CAPTURE_AUTORELEASING = YES;
				CLANG_WARN_BOOL_CONVERSION = YES;
				CLANG_WARN_COMMA = YES;
				CLANG_WARN_CONSTANT_CONVERSION = YES;
				CLANG_WARN_DEPRECATED_OBJC_IMPLEMENTATIONS = YES;
				CLANG_WARN_DIRECT_OBJC_ISA_USAGE = YES_ERROR;
				CLANG_WARN_DOCUMENTATION_COMMENTS = YES;
				CLANG_WARN_EMPTY_BODY = YES;
				CLANG_WARN_ENUM_CONVERSION = YES;
				CLANG_WARN_INFINITE_RECURSION = YES;
				CLANG_WARN_INT_CONVERSION = YES;
				CLANG_WARN_NON_LITERAL_NULL_CONVERSION = YES;
				CLANG_WARN_OBJC_IMPLICIT_RETAIN_SELF = YES;
				CLANG_WARN_OBJC_LITERAL_CONVERSION = YES;
				CLANG_WARN_OBJC_ROOT_CLASS = YES_ERROR;
				CLANG_WARN_QUOTED_INCLUDE_IN_FRAMEWORK_HEADER = YES;
				CLANG_WARN_RANGE_LOOP_ANALYSIS = YES;
				CLANG_WARN_STRICT_PROTOTYPES = YES;
				CLANG_WARN_SUSPICIOUS_MOVE = YES;
				CLANG_WARN_UNGUARDED_AVAILABILITY = YES_AGGRESSIVE;
				CLANG_WARN_UNREACHABLE_CODE = YES;
				CLANG_WARN__DUPLICATE_METHOD_MATCH = YES;
				COPY_PHASE_STRIP = NO;
				DEBUG_INFORMATION_FORMAT = dwarf;
				ENABLE_STRICT_OBJC_MSGSEND = YES;
				ENABLE_TESTABILITY = YES;
				GCC_C_LANGUAGE_STANDARD = gnu11;
				GCC_DYNAMIC_NO_PIC = NO;
				GCC_NO_COMMON_BLOCKS = YES;
				GCC_OPTIMIZATION_LEVEL = 0;
				GCC_PREPROCESSOR_DEFINITIONS = (
					"DEBUG=1",
					"$(inherited)",
				);
				GCC_WARN_64_TO_32_BIT_CONVERSION = YES;
				GCC_WARN_ABOUT_RETURN_TYPE = YES_ERROR;
				GCC_WARN_UNDECLARED_SELECTOR = YES;
				GCC_WARN_UNINITIALIZED_AUTOS = YES_AGGRESSIVE;
				GCC_WARN_UNUSED_FUNCTION = YES;
				GCC_WARN_UNUSED_VARIABLE = YES;
				IPHONEOS_DEPLOYMENT_TARGET = 16.1;
				MTL_ENABLE_DEBUG_INFO = INCLUDE_SOURCE;
				MTL_FAST_MATH = YES;
				ONLY_ACTIVE_ARCH = YES;
				SDKROOT = iphoneos;
				SWIFT_ACTIVE_COMPILATION_CONDITIONS = DEBUG;
				SWIFT_OPTIMIZATION_LEVEL = "-Onone";
			};
			name = Debug;
		};
		A4BE50D12966C06100E8CF83 /* Release */ = {
			isa = XCBuildConfiguration;
			buildSettings = {
				ALWAYS_SEARCH_USER_PATHS = NO;
				CLANG_ANALYZER_NONNULL = YES;
				CLANG_ANALYZER_NUMBER_OBJECT_CONVERSION = YES_AGGRESSIVE;
				CLANG_CXX_LANGUAGE_STANDARD = "gnu++20";
				CLANG_ENABLE_MODULES = YES;
				CLANG_ENABLE_OBJC_ARC = YES;
				CLANG_ENABLE_OBJC_WEAK = YES;
				CLANG_WARN_BLOCK_CAPTURE_AUTORELEASING = YES;
				CLANG_WARN_BOOL_CONVERSION = YES;
				CLANG_WARN_COMMA = YES;
				CLANG_WARN_CONSTANT_CONVERSION = YES;
				CLANG_WARN_DEPRECATED_OBJC_IMPLEMENTATIONS = YES;
				CLANG_WARN_DIRECT_OBJC_ISA_USAGE = YES_ERROR;
				CLANG_WARN_DOCUMENTATION_COMMENTS = YES;
				CLANG_WARN_EMPTY_BODY = YES;
				CLANG_WARN_ENUM_CONVERSION = YES;
				CLANG_WARN_INFINITE_RECURSION = YES;
				CLANG_WARN_INT_CONVERSION = YES;
				CLANG_WARN_NON_LITERAL_NULL_CONVERSION = YES;
				CLANG_WARN_OBJC_IMPLICIT_RETAIN_SELF = YES;
				CLANG_WARN_OBJC_LITERAL_CONVERSION = YES;
				CLANG_WARN_OBJC_ROOT_CLASS = YES_ERROR;
				CLANG_WARN_QUOTED_INCLUDE_IN_FRAMEWORK_HEADER = YES;
				CLANG_WARN_RANGE_LOOP_ANALYSIS = YES;
				CLANG_WARN_STRICT_PROTOTYPES = YES;
				CLANG_WARN_SUSPICIOUS_MOVE = YES;
				CLANG_WARN_UNGUARDED_AVAILABILITY = YES_AGGRESSIVE;
				CLANG_WARN_UNREACHABLE_CODE = YES;
				CLANG_WARN__DUPLICATE_METHOD_MATCH = YES;
				COPY_PHASE_STRIP = NO;
				DEBUG_INFORMATION_FORMAT = "dwarf-with-dsym";
				ENABLE_NS_ASSERTIONS = NO;
				ENABLE_STRICT_OBJC_MSGSEND = YES;
				GCC_C_LANGUAGE_STANDARD = gnu11;
				GCC_NO_COMMON_BLOCKS = YES;
				GCC_WARN_64_TO_32_BIT_CONVERSION = YES;
				GCC_WARN_ABOUT_RETURN_TYPE = YES_ERROR;
				GCC_WARN_UNDECLARED_SELECTOR = YES;
				GCC_WARN_UNINITIALIZED_AUTOS = YES_AGGRESSIVE;
				GCC_WARN_UNUSED_FUNCTION = YES;
				GCC_WARN_UNUSED_VARIABLE = YES;
				IPHONEOS_DEPLOYMENT_TARGET = 16.1;
				MTL_ENABLE_DEBUG_INFO = NO;
				MTL_FAST_MATH = YES;
				SDKROOT = iphoneos;
				SWIFT_COMPILATION_MODE = wholemodule;
				SWIFT_OPTIMIZATION_LEVEL = "-O";
				VALIDATE_PRODUCT = YES;
			};
			name = Release;
		};
		A4BE50D32966C06100E8CF83 /* Debug */ = {
			isa = XCBuildConfiguration;
			buildSettings = {
				ASSETCATALOG_COMPILER_APPICON_NAME = AppIcon;
				ASSETCATALOG_COMPILER_GLOBAL_ACCENT_COLOR_NAME = AccentColor;
				CODE_SIGN_STYLE = Automatic;
				CURRENT_PROJECT_VERSION = 1;
				DEVELOPMENT_ASSET_PATHS = "\"CONVERTIT/Preview Content\"";
				DEVELOPMENT_TEAM = 6V3379368L;
				ENABLE_PREVIEWS = YES;
				GENERATE_INFOPLIST_FILE = YES;
				INFOPLIST_KEY_UIApplicationSceneManifest_Generation = YES;
				INFOPLIST_KEY_UIApplicationSupportsIndirectInputEvents = YES;
				INFOPLIST_KEY_UILaunchScreen_Generation = YES;
				INFOPLIST_KEY_UISupportedInterfaceOrientations_iPad = "UIInterfaceOrientationPortrait UIInterfaceOrientationPortraitUpsideDown UIInterfaceOrientationLandscapeLeft UIInterfaceOrientationLandscapeRight";
				INFOPLIST_KEY_UISupportedInterfaceOrientations_iPhone = "UIInterfaceOrientationPortrait UIInterfaceOrientationLandscapeLeft UIInterfaceOrientationLandscapeRight";
				IPHONEOS_DEPLOYMENT_TARGET = 15.6;
				LD_RUNPATH_SEARCH_PATHS = (
					"$(inherited)",
					"@executable_path/Frameworks",
				);
				MARKETING_VERSION = 1.0;
				PRODUCT_BUNDLE_IDENTIFIER = RandFirstApp.com.CONVERTIT;
				PRODUCT_NAME = "$(TARGET_NAME)";
				SWIFT_EMIT_LOC_STRINGS = YES;
				SWIFT_VERSION = 5.0;
				TARGETED_DEVICE_FAMILY = "1,2";
			};
			name = Debug;
		};
		A4BE50D42966C06100E8CF83 /* Release */ = {
			isa = XCBuildConfiguration;
			buildSettings = {
				ASSETCATALOG_COMPILER_APPICON_NAME = AppIcon;
				ASSETCATALOG_COMPILER_GLOBAL_ACCENT_COLOR_NAME = AccentColor;
				CODE_SIGN_STYLE = Automatic;
				CURRENT_PROJECT_VERSION = 1;
				DEVELOPMENT_ASSET_PATHS = "\"CONVERTIT/Preview Content\"";
				DEVELOPMENT_TEAM = 6V3379368L;
				ENABLE_PREVIEWS = YES;
				GENERATE_INFOPLIST_FILE = YES;
				INFOPLIST_KEY_UIApplicationSceneManifest_Generation = YES;
				INFOPLIST_KEY_UIApplicationSupportsIndirectInputEvents = YES;
				INFOPLIST_KEY_UILaunchScreen_Generation = YES;
				INFOPLIST_KEY_UISupportedInterfaceOrientations_iPad = "UIInterfaceOrientationPortrait UIInterfaceOrientationPortraitUpsideDown UIInterfaceOrientationLandscapeLeft UIInterfaceOrientationLandscapeRight";
				INFOPLIST_KEY_UISupportedInterfaceOrientations_iPhone = "UIInterfaceOrientationPortrait UIInterfaceOrientationLandscapeLeft UIInterfaceOrientationLandscapeRight";
				IPHONEOS_DEPLOYMENT_TARGET = 15.6;
				LD_RUNPATH_SEARCH_PATHS = (
					"$(inherited)",
					"@executable_path/Frameworks",
				);
				MARKETING_VERSION = 1.0;
				PRODUCT_BUNDLE_IDENTIFIER = RandFirstApp.com.CONVERTIT;
				PRODUCT_NAME = "$(TARGET_NAME)";
				SWIFT_EMIT_LOC_STRINGS = YES;
				SWIFT_VERSION = 5.0;
				TARGETED_DEVICE_FAMILY = "1,2";
			};
			name = Release;
		};
/* End XCBuildConfiguration section */

/* Begin XCConfigurationList section */
		A4BE50BF2966C06000E8CF83 /* Build configuration list for PBXProject "CONVERTIT" */ = {
			isa = XCConfigurationList;
			buildConfigurations = (
				A4BE50D02966C06100E8CF83 /* Debug */,
				A4BE50D12966C06100E8CF83 /* Release */,
			);
			defaultConfigurationIsVisible = 0;
			defaultConfigurationName = Release;
		};
		A4BE50D22966C06100E8CF83 /* Build configuration list for PBXNativeTarget "CONVERTIT" */ = {
			isa = XCConfigurationList;
			buildConfigurations = (
				A4BE50D32966C06100E8CF83 /* Debug */,
				A4BE50D42966C06100E8CF83 /* Release */,
			);
			defaultConfigurationIsVisible = 0;
			defaultConfigurationName = Release;
		};
/* End XCConfigurationList section */
	};
	rootObject = A4BE50BC2966C06000E8CF83 /* Project object */;
}
